
Microsoft Visual Studio Solution File, Format Version 12.00
# Visual Studio Version 16
VisualStudioVersion = 16.0.33328.57
MinimumVisualStudioVersion = 10.0.40219.1
Project("{FAE04EC0-301F-11D3-BF4B-00C04F79EFBC}") = "Ucheb_3", "Ucheb_3.csproj", "{E6614136-E2D0-4ADD-88F8-21E11FE91836}"
EndProject
Global
	GlobalSection(SolutionConfigurationPlatforms) = preSolution
		Debug|Any CPU = Debug|Any CPU
		Release|Any CPU = Release|Any CPU
	EndGlobalSection
	GlobalSection(ProjectConfigurationPlatforms) = postSolution
		{E6614136-E2D0-4ADD-88F8-21E11FE91836}.Debug|Any CPU.ActiveCfg = Debug|Any CPU
		{E6614136-E2D0-4ADD-88F8-21E11FE91836}.Debug|Any CPU.Build.0 = Debug|Any CPU
		{E6614136-E2D0-4ADD-88F8-21E11FE91836}.Release|Any CPU.ActiveCfg = Release|Any CPU
		{E6614136-E2D0-4ADD-88F8-21E11FE91836}.Release|Any CPU.Build.0 = Release|Any CPU
	EndGlobalSection
	GlobalSection(SolutionProperties) = preSolution
		HideSolutionNode = FALSE
	EndGlobalSection
	GlobalSection(ExtensibilityGlobals) = postSolution
		SolutionGuid = {86849840-84F0-4BFC-99FC-851713F5A782}
	EndGlobalSection
EndGlobal
